{
  "requires": true,
  "lockfileVersion": 1,
  "dependencies": {
    "isexe": {
      "version": "2.0.0",
      "resolved": "https://registry.npmjs.org/isexe/-/isexe-2.0.0.tgz",
      "integrity": "sha1-6PvzdNxVb/iUehDcsFctYz8s+hA="
    },
    "which": {
      "version": "1.3.1",
      "resolved": "https://registry.npmjs.org/which/-/which-1.3.1.tgz",
      "integrity": "sha512-HxJdYWq1MTIQbJ3nw0cqssHoTNU267KlrDuGZ1WYlxDStUtKUhOaJmh112/TZmHxxUfuJqPXSOm7tDyas0OSIQ==",
      "requires": {
        "isexe": "^2.0.0"
      }
    },
    "xslt": {
      "version": "0.9.1",
      "resolved": "https://registry.npmjs.org/xslt/-/xslt-0.9.1.tgz",
      "integrity": "sha512-2eFkaiFRVkVzedBKYv3MUYmvvK9103NTNFGsyFhLim0Pad0q5yXp2j9tQM2lFW1gFr9fSXV70RRrdcRM7YdRcg=="
    },
    "xsltproc": {
      "version": "0.0.4",
      "resolved": "https://registry.npmjs.org/xsltproc/-/xsltproc-0.0.4.tgz",
      "integrity": "sha512-/oaSvesR0Q0nHKkOIhl8Cx9Ps4bAYtOxYsmIF1hxfLTa/HO8hsfRqrshDLaBw8jQkjfKUk8xr6qm8SAS3UfDYw==",
      "requires": {
        "which": "^1.3.0"
      }
    }
  }
}
